// !$*UTF8*$!
{
	archiveVersion = 1;
	classes = {
	};
	objectVersion = 50;
	objects = {

/* Begin PBXBuildFile section */
		49BD757E2359E95A001F458E /* AppDelegate.swift in Sources */ = {isa = PBXBuildFile; fileRef = 49BD757D2359E95A001F458E /* AppDelegate.swift */; };
		49BD75802359E95A001F458E /* SceneDelegate.swift in Sources */ = {isa = PBXBuildFile; fileRef = 49BD757F2359E95A001F458E /* SceneDelegate.swift */; };
		49BD75822359E95A001F458E /* FirstViewController.swift in Sources */ = {isa = PBXBuildFile; fileRef = 49BD75812359E95A001F458E /* FirstViewController.swift */; };
		49BD75842359E95A001F458E /* SecondViewController.swift in Sources */ = {isa = PBXBuildFile; fileRef = 49BD75832359E95A001F458E /* SecondViewController.swift */; };
		49BD75872359E95A001F458E /* Main.storyboard in Resources */ = {isa = PBXBuildFile; fileRef = 49BD75852359E95A001F458E /* Main.storyboard */; };
		49BD75892359E95B001F458E /* Assets.xcassets in Resources */ = {isa = PBXBuildFile; fileRef = 49BD75882359E95B001F458E /* Assets.xcassets */; };
		49BD758C2359E95B001F458E /* LaunchScreen.storyboard in Resources */ = {isa = PBXBuildFile; fileRef = 49BD758A2359E95B001F458E /* LaunchScreen.storyboard */; };
		49BD75972359E95B001F458E /* nickOS_AgasTests.swift in Sources */ = {isa = PBXBuildFile; fileRef = 49BD75962359E95B001F458E /* nickOS_AgasTests.swift */; };
		49BD75A22359E95B001F458E /* nickOS_AgasUITests.swift in Sources */ = {isa = PBXBuildFile; fileRef = 49BD75A12359E95B001F458E /* nickOS_AgasUITests.swift */; };
/* End PBXBuildFile section */

/* Begin PBXContainerItemProxy section */
		49BD75932359E95B001F458E /* PBXContainerItemProxy */ = {
			isa = PBXContainerItemProxy;
			containerPortal = 49BD75722359E95A001F458E /* Project object */;
			proxyType = 1;
			remoteGlobalIDString = 49BD75792359E95A001F458E;
			remoteInfo = "nickOS Agas";
		};
		49BD759E2359E95B001F458E /* PBXContainerItemProxy */ = {
			isa = PBXContainerItemProxy;
			containerPortal = 49BD75722359E95A001F458E /* Project object */;
			proxyType = 1;
			remoteGlobalIDString = 49BD75792359E95A001F458E;
			remoteInfo = "nickOS Agas";
		};
/* End PBXContainerItemProxy section */

/* Begin PBXFileReference section */
		49BD757A2359E95A001F458E /* nickOS Agas.app */ = {isa = PBXFileReference; explicitFileType = wrapper.application; includeInIndex = 0; path = "nickOS Agas.app"; sourceTree = BUILT_PRODUCTS_DIR; };
		49BD757D2359E95A001F458E /* AppDelegate.swift */ = {isa = PBXFileReference; lastKnownFileType = sourcecode.swift; path = AppDelegate.swift; sourceTree = "<group>"; };
		49BD757F2359E95A001F458E /* SceneDelegate.swift */ = {isa = PBXFileReference; lastKnownFileType = sourcecode.swift; path = SceneDelegate.swift; sourceTree = "<group>"; };
		49BD75812359E95A001F458E /* FirstViewController.swift */ = {isa = PBXFileReference; lastKnownFileType = sourcecode.swift; path = FirstViewController.swift; sourceTree = "<group>"; };
		49BD75832359E95A001F458E /* SecondViewController.swift */ = {isa = PBXFileReference; lastKnownFileType = sourcecode.swift; path = SecondViewController.swift; sourceTree = "<group>"; };
		49BD75862359E95A001F458E /* Base */ = {isa = PBXFileReference; lastKnownFileType = file.storyboard; name = Base; path = Base.lproj/Main.storyboard; sourceTree = "<group>"; };
		49BD75882359E95B001F458E /* Assets.xcassets */ = {isa = PBXFileReference; lastKnownFileType = folder.assetcatalog; path = Assets.xcassets; sourceTree = "<group>"; };
		49BD758B2359E95B001F458E /* Base */ = {isa = PBXFileReference; lastKnownFileType = file.storyboard; name = Base; path = Base.lproj/LaunchScreen.storyboard; sourceTree = "<group>"; };
		49BD758D2359E95B001F458E /* Info.plist */ = {isa = PBXFileReference; lastKnownFileType = text.plist.xml; path = Info.plist; sourceTree = "<group>"; };
		49BD75922359E95B001F458E /* nickOS AgasTests.xctest */ = {isa = PBXFileReference; explicitFileType = wrapper.cfbundle; includeInIndex = 0; path = "nickOS AgasTests.xctest"; sourceTree = BUILT_PRODUCTS_DIR; };
		49BD75962359E95B001F458E /* nickOS_AgasTests.swift */ = {isa = PBXFileReference; lastKnownFileType = sourcecode.swift; path = nickOS_AgasTests.swift; sourceTree = "<group>"; };
		49BD75982359E95B001F458E /* Info.plist */ = {isa = PBXFileReference; lastKnownFileType = text.plist.xml; path = Info.plist; sourceTree = "<group>"; };
		49BD759D2359E95B001F458E /* nickOS AgasUITests.xctest */ = {isa = PBXFileReference; explicitFileType = wrapper.cfbundle; includeInIndex = 0; path = "nickOS AgasUITests.xctest"; sourceTree = BUILT_PRODUCTS_DIR; };
		49BD75A12359E95B001F458E /* nickOS_AgasUITests.swift */ = {isa = PBXFileReference; lastKnownFileType = sourcecode.swift; path = nickOS_AgasUITests.swift; sourceTree = "<group>"; };
		49BD75A32359E95B001F458E /* Info.plist */ = {isa = PBXFileReference; lastKnownFileType = text.plist.xml; path = Info.plist; sourceTree = "<group>"; };
/* End PBXFileReference section */

/* Begin PBXFrameworksBuildPhase section */
		49BD75772359E95A001F458E /* Frameworks */ = {
			isa = PBXFrameworksBuildPhase;
			buildActionMask = 2147483647;
			files = (
			);
			runOnlyForDeploymentPostprocessing = 0;
		};
		49BD758F2359E95B001F458E /* Frameworks */ = {
			isa = PBXFrameworksBuildPhase;
			buildActionMask = 2147483647;
			files = (
			);
			runOnlyForDeploymentPostprocessing = 0;
		};
		49BD759A2359E95B001F458E /* Frameworks */ = {
			isa = PBXFrameworksBuildPhase;
			buildActionMask = 2147483647;
			files = (
			);
			runOnlyForDeploymentPostprocessing = 0;
		};
/* End PBXFrameworksBuildPhase section */

/* Begin PBXGroup section */
		49BD75712359E959001F458E = {
			isa = PBXGroup;
			children = (
				49BD757C2359E95A001F458E /* nickOS Agas */,
				49BD75952359E95B001F458E /* nickOS AgasTests */,
				49BD75A02359E95B001F458E /* nickOS AgasUITests */,
				49BD757B2359E95A001F458E /* Products */,
			);
			sourceTree = "<group>";
		};
		49BD757B2359E95A001F458E /* Products */ = {
			isa = PBXGroup;
			children = (
				49BD757A2359E95A001F458E /* nickOS Agas.app */,
				49BD75922359E95B001F458E /* nickOS AgasTests.xctest */,
				49BD759D2359E95B001F458E /* nickOS AgasUITests.xctest */,
			);
			name = Products;
			sourceTree = "<group>";
		};
		49BD757C2359E95A001F458E /* nickOS Agas */ = {
			isa = PBXGroup;
			children = (
				49BD757D2359E95A001F458E /* AppDelegate.swift */,
				49BD757F2359E95A001F458E /* SceneDelegate.swift */,
				49BD75812359E95A001F458E /* FirstViewController.swift */,
				49BD75832359E95A001F458E /* SecondViewController.swift */,
				49BD75852359E95A001F458E /* Main.storyboard */,
				49BD75882359E95B001F458E /* Assets.xcassets */,
				49BD758A2359E95B001F458E /* LaunchScreen.storyboard */,
				49BD758D2359E95B001F458E /* Info.plist */,
			);
			path = "nickOS Agas";
			sourceTree = "<group>";
		};
		49BD75952359E95B001F458E /* nickOS AgasTests */ = {
			isa = PBXGroup;
			children = (
				49BD75962359E95B001F458E /* nickOS_AgasTests.swift */,
				49BD75982359E95B001F458E /* Info.plist */,
			);
			path = "nickOS AgasTests";
			sourceTree = "<group>";
		};
		49BD75A02359E95B001F458E /* nickOS AgasUITests */ = {
			isa = PBXGroup;
			children = (
				49BD75A12359E95B001F458E /* nickOS_AgasUITests.swift */,
				49BD75A32359E95B001F458E /* Info.plist */,
			);
			path = "nickOS AgasUITests";
			sourceTree = "<group>";
		};
/* End PBXGroup section */

/* Begin PBXNativeTarget section */
		49BD75792359E95A001F458E /* nickOS Agas */ = {
			isa = PBXNativeTarget;
			buildConfigurationList = 49BD75A62359E95B001F458E /* Build configuration list for PBXNativeTarget "nickOS Agas" */;
			buildPhases = (
				49BD75762359E95A001F458E /* Sources */,
				49BD75772359E95A001F458E /* Frameworks */,
				49BD75782359E95A001F458E /* Resources */,
			);
			buildRules = (
			);
			dependencies = (
			);
			name = "nickOS Agas";
			productName = "nickOS Agas";
			productReference = 49BD757A2359E95A001F458E /* nickOS Agas.app */;
			productType = "com.apple.product-type.application";
		};
		49BD75912359E95B001F458E /* nickOS AgasTests */ = {
			isa = PBXNativeTarget;
			buildConfigurationList = 49BD75A92359E95B001F458E /* Build configuration list for PBXNativeTarget "nickOS AgasTests" */;
			buildPhases = (
				49BD758E2359E95B001F458E /* Sources */,
				49BD758F2359E95B001F458E /* Frameworks */,
				49BD75902359E95B001F458E /* Resources */,
			);
			buildRules = (
			);
			dependencies = (
				49BD75942359E95B001F458E /* PBXTargetDependency */,
			);
			name = "nickOS AgasTests";
			productName = "nickOS AgasTests";
			productReference = 49BD75922359E95B001F458E /* nickOS AgasTests.xctest */;
			productType = "com.apple.product-type.bundle.unit-test";
		};
		49BD759C2359E95B001F458E /* nickOS AgasUITests */ = {
			isa = PBXNativeTarget;
			buildConfigurationList = 49BD75AC2359E95B001F458E /* Build configuration list for PBXNativeTarget "nickOS AgasUITests" */;
			buildPhases = (
				49BD75992359E95B001F458E /* Sources */,
				49BD759A2359E95B001F458E /* Frameworks */,
				49BD759B2359E95B001F458E /* Resources */,
			);
			buildRules = (
			);
			dependencies = (
				49BD759F2359E95B001F458E /* PBXTargetDependency */,
			);
			name = "nickOS AgasUITests";
			productName = "nickOS AgasUITests";
			productReference = 49BD759D2359E95B001F458E /* nickOS AgasUITests.xctest */;
			productType = "com.apple.product-type.bundle.ui-testing";
		};
/* End PBXNativeTarget section */

/* Begin PBXProject section */
		49BD75722359E95A001F458E /* Project object */ = {
			isa = PBXProject;
			attributes = {
				LastSwiftUpdateCheck = 1100;
				LastUpgradeCheck = 1100;
				ORGANIZATIONNAME = "Nikolaos Agas";
				TargetAttributes = {
					49BD75792359E95A001F458E = {
						CreatedOnToolsVersion = 11.0;
					};
					49BD75912359E95B001F458E = {
						CreatedOnToolsVersion = 11.0;
						TestTargetID = 49BD75792359E95A001F458E;
					};
					49BD759C2359E95B001F458E = {
						CreatedOnToolsVersion = 11.0;
						TestTargetID = 49BD75792359E95A001F458E;
					};
				};
			};
			buildConfigurationList = 49BD75752359E95A001F458E /* Build configuration list for PBXProject "nickOS Agas" */;
			compatibilityVersion = "Xcode 9.3";
			developmentRegion = en;
			hasScannedForEncodings = 0;
			knownRegions = (
				en,
				Base,
			);
			mainGroup = 49BD75712359E959001F458E;
			productRefGroup = 49BD757B2359E95A001F458E /* Products */;
			projectDirPath = "";
			projectRoot = "";
			targets = (
				49BD75792359E95A001F458E /* nickOS Agas */,
				49BD75912359E95B001F458E /* nickOS AgasTests */,
				49BD759C2359E95B001F458E /* nickOS AgasUITests */,
			);
		};
/* End PBXProject section */

/* Begin PBXResourcesBuildPhase section */
		49BD75782359E95A001F458E /* Resources */ = {
			isa = PBXResourcesBuildPhase;
			buildActionMask = 2147483647;
			files = (
				49BD758C2359E95B001F458E /* LaunchScreen.storyboard in Resources */,
				49BD75892359E95B001F458E /* Assets.xcassets in Resources */,
				49BD75872359E95A001F458E /* Main.storyboard in Resources */,
			);
			runOnlyForDeploymentPostprocessing = 0;
		};
		49BD75902359E95B001F458E /* Resources */ = {
			isa = PBXResourcesBuildPhase;
			buildActionMask = 2147483647;
			files = (
			);
			runOnlyForDeploymentPostprocessing = 0;
		};
		49BD759B2359E95B001F458E /* Resources */ = {
			isa = PBXResourcesBuildPhase;
			buildActionMask = 2147483647;
			files = (
			);
			runOnlyForDeploymentPostprocessing = 0;
		};
/* End PBXResourcesBuildPhase section */

/* Begin PBXSourcesBuildPhase section */
		49BD75762359E95A001F458E /* Sources */ = {
			isa = PBXSourcesBuildPhase;
			buildActionMask = 2147483647;
			files = (
				49BD75842359E95A001F458E /* SecondViewController.swift in Sources */,
				49BD75822359E95A001F458E /* FirstViewController.swift in Sources */,
				49BD757E2359E95A001F458E /* AppDelegate.swift in Sources */,
				49BD75802359E95A001F458E /* SceneDelegate.swift in Sources */,
			);
			runOnlyForDeploymentPostprocessing = 0;
		};
		49BD758E2359E95B001F458E /* Sources */ = {
			isa = PBXSourcesBuildPhase;
			buildActionMask = 2147483647;
			files = (
				49BD75972359E95B001F458E /* nickOS_AgasTests.swift in Sources */,
			);
			runOnlyForDeploymentPostprocessing = 0;
		};
		49BD75992359E95B001F458E /* Sources */ = {
			isa = PBXSourcesBuildPhase;
			buildActionMask = 2147483647;
			files = (
				49BD75A22359E95B001F458E /* nickOS_AgasUITests.swift in Sources */,
			);
			runOnlyForDeploymentPostprocessing = 0;
		};
/* End PBXSourcesBuildPhase section */

/* Begin PBXTargetDependency section */
		49BD75942359E95B001F458E /* PBXTargetDependency */ = {
			isa = PBXTargetDependency;
			target = 49BD75792359E95A001F458E /* nickOS Agas */;
			targetProxy = 49BD75932359E95B001F458E /* PBXContainerItemProxy */;
		};
		49BD759F2359E95B001F458E /* PBXTargetDependency */ = {
			isa = PBXTargetDependency;
			target = 49BD75792359E95A001F458E /* nickOS Agas */;
			targetProxy = 49BD759E2359E95B001F458E /* PBXContainerItemProxy */;
		};
/* End PBXTargetDependency section */

/* Begin PBXVariantGroup section */
		49BD75852359E95A001F458E /* Main.storyboard */ = {
			isa = PBXVariantGroup;
			children = (
				49BD75862359E95A001F458E /* Base */,
			);
			name = Main.storyboard;
			sourceTree = "<group>";
		};
		49BD758A2359E95B001F458E /* LaunchScreen.storyboard */ = {
			isa = PBXVariantGroup;
			children = (
				49BD758B2359E95B001F458E /* Base */,
			);
			name = LaunchScreen.storyboard;
			sourceTree = "<group>";
		};
/* End PBXVariantGroup section */

/* Begin XCBuildConfiguration section */
		49BD75A42359E95B001F458E /* Debug */ = {
			isa = XCBuildConfiguration;
			buildSettings = {
				ALWAYS_SEARCH_USER_PATHS = NO;
				CLANG_ANALYZER_NONNULL = YES;
				CLANG_ANALYZER_NUMBER_OBJECT_CONVERSION = YES_AGGRESSIVE;
				CLANG_CXX_LANGUAGE_STANDARD = "gnu++14";
				CLANG_CXX_LIBRARY = "libc++";
				CLANG_ENABLE_MODULES = YES;
				CLANG_ENABLE_OBJC_ARC = YES;
				CLANG_ENABLE_OBJC_WEAK = YES;
				CLANG_WARN_BLOCK_CAPTURE_AUTORELEASING = YES;
				CLANG_WARN_BOOL_CONVERSION = YES;
				CLANG_WARN_COMMA = YES;
				CLANG_WARN_CONSTANT_CONVERSION = YES;
				CLANG_WARN_DEPRECATED_OBJC_IMPLEMENTATIONS = YES;
				CLANG_WARN_DIRECT_OBJC_ISA_USAGE = YES_ERROR;
				CLANG_WARN_DOCUMENTATION_COMMENTS = YES;
				CLANG_WARN_EMPTY_BODY = YES;
				CLANG_WARN_ENUM_CONVERSION = YES;
				CLANG_WARN_INFINITE_RECURSION = YES;
				CLANG_WARN_INT_CONVERSION = YES;
				CLANG_WARN_NON_LITERAL_NULL_CONVERSION = YES;
				CLANG_WARN_OBJC_IMPLICIT_RETAIN_SELF = YES;
				CLANG_WARN_OBJC_LITERAL_CONVERSION = YES;
				CLANG_WARN_OBJC_ROOT_CLASS = YES_ERROR;
				CLANG_WARN_RANGE_LOOP_ANALYSIS = YES;
				CLANG_WARN_STRICT_PROTOTYPES = YES;
				CLANG_WARN_SUSPICIOUS_MOVE = YES;
				CLANG_WARN_UNGUARDED_AVAILABILITY = YES_AGGRESSIVE;
				CLANG_WARN_UNREACHABLE_CODE = YES;
				CLANG_WARN__DUPLICATE_METHOD_MATCH = YES;
				COPY_PHASE_STRIP = NO;
				DEBUG_INFORMATION_FORMAT = dwarf;
				ENABLE_STRICT_OBJC_MSGSEND = YES;
				ENABLE_TESTABILITY = YES;
				GCC_C_LANGUAGE_STANDARD = gnu11;
				GCC_DYNAMIC_NO_PIC = NO;
				GCC_NO_COMMON_BLOCKS = YES;
				GCC_OPTIMIZATION_LEVEL = 0;
				GCC_PREPROCESSOR_DEFINITIONS = (
					"DEBUG=1",
					"$(inherited)",
				);
				GCC_WARN_64_TO_32_BIT_CONVERSION = YES;
				GCC_WARN_ABOUT_RETURN_TYPE = YES_ERROR;
				GCC_WARN_UNDECLARED_SELECTOR = YES;
				GCC_WARN_UNINITIALIZED_AUTOS = YES_AGGRESSIVE;
				GCC_WARN_UNUSED_FUNCTION = YES;
				GCC_WARN_UNUSED_VARIABLE = YES;
				IPHONEOS_DEPLOYMENT_TARGET = 13.0;
				MTL_ENABLE_DEBUG_INFO = INCLUDE_SOURCE;
				MTL_FAST_MATH = YES;
				ONLY_ACTIVE_ARCH = YES;
				SDKROOT = iphoneos;
				SWIFT_ACTIVE_COMPILATION_CONDITIONS = DEBUG;
				SWIFT_OPTIMIZATION_LEVEL = "-Onone";
			};
			name = Debug;
		};
		49BD75A52359E95B001F458E /* Release */ = {
			isa = XCBuildConfiguration;
			buildSettings = {
				ALWAYS_SEARCH_USER_PATHS = NO;
				CLANG_ANALYZER_NONNULL = YES;
				CLANG_ANALYZER_NUMBER_OBJECT_CONVERSION = YES_AGGRESSIVE;
				CLANG_CXX_LANGUAGE_STANDARD = "gnu++14";
				CLANG_CXX_LIBRARY = "libc++";
				CLANG_ENABLE_MODULES = YES;
				CLANG_ENABLE_OBJC_ARC = YES;
				CLANG_ENABLE_OBJC_WEAK = YES;
				CLANG_WARN_BLOCK_CAPTURE_AUTORELEASING = YES;
				CLANG_WARN_BOOL_CONVERSION = YES;
				CLANG_WARN_COMMA = YES;
				CLANG_WARN_CONSTANT_CONVERSION = YES;
				CLANG_WARN_DEPRECATED_OBJC_IMPLEMENTATIONS = YES;
				CLANG_WARN_DIRECT_OBJC_ISA_USAGE = YES_ERROR;
				CLANG_WARN_DOCUMENTATION_COMMENTS = YES;
				CLANG_WARN_EMPTY_BODY = YES;
				CLANG_WARN_ENUM_CONVERSION = YES;
				CLANG_WARN_INFINITE_RECURSION = YES;
				CLANG_WARN_INT_CONVERSION = YES;
				CLANG_WARN_NON_LITERAL_NULL_CONVERSION = YES;
				CLANG_WARN_OBJC_IMPLICIT_RETAIN_SELF = YES;
				CLANG_WARN_OBJC_LITERAL_CONVERSION = YES;
				CLANG_WARN_OBJC_ROOT_CLASS = YES_ERROR;
				CLANG_WARN_RANGE_LOOP_ANALYSIS = YES;
				CLANG_WARN_STRICT_PROTOTYPES = YES;
				CLANG_WARN_SUSPICIOUS_MOVE = YES;
				CLANG_WARN_UNGUARDED_AVAILABILITY = YES_AGGRESSIVE;
				CLANG_WARN_UNREACHABLE_CODE = YES;
				CLANG_WARN__DUPLICATE_METHOD_MATCH = YES;
				COPY_PHASE_STRIP = NO;
				DEBUG_INFORMATION_FORMAT = "dwarf-with-dsym";
				ENABLE_NS_ASSERTIONS = NO;
				ENABLE_STRICT_OBJC_MSGSEND = YES;
				GCC_C_LANGUAGE_STANDARD = gnu11;
				GCC_NO_COMMON_BLOCKS = YES;
				GCC_WARN_64_TO_32_BIT_CONVERSION = YES;
				GCC_WARN_ABOUT_RETURN_TYPE = YES_ERROR;
				GCC_WARN_UNDECLARED_SELECTOR = YES;
				GCC_WARN_UNINITIALIZED_AUTOS = YES_AGGRESSIVE;
				GCC_WARN_UNUSED_FUNCTION = YES;
				GCC_WARN_UNUSED_VARIABLE = YES;
				IPHONEOS_DEPLOYMENT_TARGET = 13.0;
				MTL_ENABLE_DEBUG_INFO = NO;
				MTL_FAST_MATH = YES;
				SDKROOT = iphoneos;
				SWIFT_COMPILATION_MODE = wholemodule;
				SWIFT_OPTIMIZATION_LEVEL = "-O";
				VALIDATE_PRODUCT = YES;
			};
			name = Release;
		};
		49BD75A72359E95B001F458E /* Debug */ = {
			isa = XCBuildConfiguration;
			buildSettings = {
				ASSETCATALOG_COMPILER_APPICON_NAME = AppIcon;
				CODE_SIGN_STYLE = Automatic;
				INFOPLIST_FILE = "nickOS Agas/Info.plist";
				LD_RUNPATH_SEARCH_PATHS = (
					"$(inherited)",
					"@executable_path/Frameworks",
				);
				PRODUCT_BUNDLE_IDENTIFIER = "com.nickagas.nickOS-Agas";
				PRODUCT_NAME = "$(TARGET_NAME)";
				SWIFT_VERSION = 5.0;
				TARGETED_DEVICE_FAMILY = "1,2";
			};
			name = Debug;
		};
		49BD75A82359E95B001F458E /* Release */ = {
			isa = XCBuildConfiguration;
			buildSettings = {
				ASSETCATALOG_COMPILER_APPICON_NAME = AppIcon;
				CODE_SIGN_STYLE = Automatic;
				INFOPLIST_FILE = "nickOS Agas/Info.plist";
				LD_RUNPATH_SEARCH_PATHS = (
					"$(inherited)",
					"@executable_path/Frameworks",
				);
				PRODUCT_BUNDLE_IDENTIFIER = "com.nickagas.nickOS-Agas";
				PRODUCT_NAME = "$(TARGET_NAME)";
				SWIFT_VERSION = 5.0;
				TARGETED_DEVICE_FAMILY = "1,2";
			};
			name = Release;
		};
		49BD75AA2359E95B001F458E /* Debug */ = {
			isa = XCBuildConfiguration;
			buildSettings = {
				ALWAYS_EMBED_SWIFT_STANDARD_LIBRARIES = YES;
				BUNDLE_LOADER = "$(TEST_HOST)";
				CODE_SIGN_STYLE = Automatic;
				INFOPLIST_FILE = "nickOS AgasTests/Info.plist";
				IPHONEOS_DEPLOYMENT_TARGET = 13.0;
				LD_RUNPATH_SEARCH_PATHS = (
					"$(inherited)",
					"@executable_path/Frameworks",
					"@loader_path/Frameworks",
				);
				PRODUCT_BUNDLE_IDENTIFIER = "com.nickagas.nickOS-AgasTests";
				PRODUCT_NAME = "$(TARGET_NAME)";
				SWIFT_VERSION = 5.0;
				TARGETED_DEVICE_FAMILY = "1,2";
				TEST_HOST = "$(BUILT_PRODUCTS_DIR)/nickOS Agas.app/nickOS Agas";
			};
			name = Debug;
		};
		49BD75AB2359E95B001F458E /* Release */ = {
			isa = XCBuildConfiguration;
			buildSettings = {
				ALWAYS_EMBED_SWIFT_STANDARD_LIBRARIES = YES;
				BUNDLE_LOADER = "$(TEST_HOST)";
				CODE_SIGN_STYLE = Automatic;
				INFOPLIST_FILE = "nickOS AgasTests/Info.plist";
				IPHONEOS_DEPLOYMENT_TARGET = 13.0;
				LD_RUNPATH_SEARCH_PATHS = (
					"$(inherited)",
					"@executable_path/Frameworks",
					"@loader_path/Frameworks",
				);
				PRODUCT_BUNDLE_IDENTIFIER = "com.nickagas.nickOS-AgasTests";
				PRODUCT_NAME = "$(TARGET_NAME)";
				SWIFT_VERSION = 5.0;
				TARGETED_DEVICE_FAMILY = "1,2";
				TEST_HOST = "$(BUILT_PRODUCTS_DIR)/nickOS Agas.app/nickOS Agas";
			};
			name = Release;
		};
		49BD75AD2359E95B001F458E /* Debug */ = {
			isa = XCBuildConfiguration;
			buildSettings = {
				ALWAYS_EMBED_SWIFT_STANDARD_LIBRARIES = YES;
				CODE_SIGN_STYLE = Automatic;
				INFOPLIST_FILE = "nickOS AgasUITests/Info.plist";
				LD_RUNPATH_SEARCH_PATHS = (
					"$(inherited)",
					"@executable_path/Frameworks",
					"@loader_path/Frameworks",
				);
				PRODUCT_BUNDLE_IDENTIFIER = "com.nickagas.nickOS-AgasUITests";
				PRODUCT_NAME = "$(TARGET_NAME)";
				SWIFT_VERSION = 5.0;
				TARGETED_DEVICE_FAMILY = "1,2";
				TEST_TARGET_NAME = "nickOS Agas";
			};
			name = Debug;
		};
		49BD75AE2359E95B001F458E /* Release */ = {
			isa = XCBuildConfiguration;
			buildSettings = {
				ALWAYS_EMBED_SWIFT_STANDARD_LIBRARIES = YES;
				CODE_SIGN_STYLE = Automatic;
				INFOPLIST_FILE = "nickOS AgasUITests/Info.plist";
				LD_RUNPATH_SEARCH_PATHS = (
					"$(inherited)",
					"@executable_path/Frameworks",
					"@loader_path/Frameworks",
				);
				PRODUCT_BUNDLE_IDENTIFIER = "com.nickagas.nickOS-AgasUITests";
				PRODUCT_NAME = "$(TARGET_NAME)";
				SWIFT_VERSION = 5.0;
				TARGETED_DEVICE_FAMILY = "1,2";
				TEST_TARGET_NAME = "nickOS Agas";
			};
			name = Release;
		};
/* End XCBuildConfiguration section */

/* Begin XCConfigurationList section */
		49BD75752359E95A001F458E /* Build configuration list for PBXProject "nickOS Agas" */ = {
			isa = XCConfigurationList;
			buildConfigurations = (
				49BD75A42359E95B001F458E /* Debug */,
				49BD75A52359E95B001F458E /* Release */,
			);
			defaultConfigurationIsVisible = 0;
			defaultConfigurationName = Release;
		};
		49BD75A62359E95B001F458E /* Build configuration list for PBXNativeTarget "nickOS Agas" */ = {
			isa = XCConfigurationList;
			buildConfigurations = (
				49BD75A72359E95B001F458E /* Debug */,
				49BD75A82359E95B001F458E /* Release */,
			);
			defaultConfigurationIsVisible = 0;
			defaultConfigurationName = Release;
		};
		49BD75A92359E95B001F458E /* Build configuration list for PBXNativeTarget "nickOS AgasTests" */ = {
			isa = XCConfigurationList;
			buildConfigurations = (
				49BD75AA2359E95B001F458E /* Debug */,
				49BD75AB2359E95B001F458E /* Release */,
			);
			defaultConfigurationIsVisible = 0;
			defaultConfigurationName = Release;
		};
		49BD75AC2359E95B001F458E /* Build configuration list for PBXNativeTarget "nickOS AgasUITests" */ = {
			isa = XCConfigurationList;
			buildConfigurations = (
				49BD75AD2359E95B001F458E /* Debug */,
				49BD75AE2359E95B001F458E /* Release */,
			);
			defaultConfigurationIsVisible = 0;
			defaultConfigurationName = Release;
		};
/* End XCConfigurationList section */
	};
	rootObject = 49BD75722359E95A001F458E /* Project object */;
}
