// !$*UTF8*$!
{
	archiveVersion = 1;
	classes = {
	};
	objectVersion = 51;
	objects = {

/* Begin PBXBuildFile section */
		12BE49EB688583736AE42E49 /* Pods_nickOS_Agas_nickOS_AgasUITests.framework in Frameworks */ = {isa = PBXBuildFile; fileRef = 267FBDC0D359D64C00E5A13F /* Pods_nickOS_Agas_nickOS_AgasUITests.framework */; };
		497A2DA52359F78D00077AC8 /* Page.swift in Sources */ = {isa = PBXBuildFile; fileRef = 497A2DA42359F78D00077AC8 /* Page.swift */; };
		497A2DA82359F80A00077AC8 /* PostElement.swift in Sources */ = {isa = PBXBuildFile; fileRef = 497A2DA72359F80A00077AC8 /* PostElement.swift */; };
		497A2DAB2359F88B00077AC8 /* Categories.swift in Sources */ = {isa = PBXBuildFile; fileRef = 497A2DAA2359F88B00077AC8 /* Categories.swift */; };
		497A2DAD235A178B00077AC8 /* HomeViewModel.swift in Sources */ = {isa = PBXBuildFile; fileRef = 497A2DAC235A178B00077AC8 /* HomeViewModel.swift */; };
		497A2DB0235B3D8E00077AC8 /* Constants.swift in Sources */ = {isa = PBXBuildFile; fileRef = 497A2DAF235B3D8E00077AC8 /* Constants.swift */; };
		497A2DB2235B3E9E00077AC8 /* WordpressApi.swift in Sources */ = {isa = PBXBuildFile; fileRef = 497A2DB1235B3E9E00077AC8 /* WordpressApi.swift */; };
		497A2DB8235B4B6700077AC8 /* WebViewController.swift in Sources */ = {isa = PBXBuildFile; fileRef = 497A2DB6235B4B6700077AC8 /* WebViewController.swift */; };
		497A2DBB235C771000077AC8 /* PostsViewModel.swift in Sources */ = {isa = PBXBuildFile; fileRef = 497A2DBA235C771000077AC8 /* PostsViewModel.swift */; };
		497A2DBD235CCCC300077AC8 /* CategoryCollectionViewCell.swift in Sources */ = {isa = PBXBuildFile; fileRef = 497A2DBC235CCCC300077AC8 /* CategoryCollectionViewCell.swift */; };
		497A2DBF235CFAF400077AC8 /* PostTableViewCell.swift in Sources */ = {isa = PBXBuildFile; fileRef = 497A2DBE235CFAF400077AC8 /* PostTableViewCell.swift */; };
		49BD757E2359E95A001F458E /* AppDelegate.swift in Sources */ = {isa = PBXBuildFile; fileRef = 49BD757D2359E95A001F458E /* AppDelegate.swift */; };
		49BD75802359E95A001F458E /* SceneDelegate.swift in Sources */ = {isa = PBXBuildFile; fileRef = 49BD757F2359E95A001F458E /* SceneDelegate.swift */; };
		49BD75822359E95A001F458E /* HomeViewController.swift in Sources */ = {isa = PBXBuildFile; fileRef = 49BD75812359E95A001F458E /* HomeViewController.swift */; };
		49BD75842359E95A001F458E /* PostsViewController.swift in Sources */ = {isa = PBXBuildFile; fileRef = 49BD75832359E95A001F458E /* PostsViewController.swift */; };
		49BD75872359E95A001F458E /* Main.storyboard in Resources */ = {isa = PBXBuildFile; fileRef = 49BD75852359E95A001F458E /* Main.storyboard */; };
		49BD75892359E95B001F458E /* Assets.xcassets in Resources */ = {isa = PBXBuildFile; fileRef = 49BD75882359E95B001F458E /* Assets.xcassets */; };
		49BD758C2359E95B001F458E /* LaunchScreen.storyboard in Resources */ = {isa = PBXBuildFile; fileRef = 49BD758A2359E95B001F458E /* LaunchScreen.storyboard */; };
		49BD75972359E95B001F458E /* nickOS_AgasTests.swift in Sources */ = {isa = PBXBuildFile; fileRef = 49BD75962359E95B001F458E /* nickOS_AgasTests.swift */; };
		49BD75A22359E95B001F458E /* nickOS_AgasUITests.swift in Sources */ = {isa = PBXBuildFile; fileRef = 49BD75A12359E95B001F458E /* nickOS_AgasUITests.swift */; };
		49CC31CF236C22B700322391 /* ChatViewController.swift in Sources */ = {isa = PBXBuildFile; fileRef = 49CC31CE236C22B700322391 /* ChatViewController.swift */; };
		49CC31D1236C281000322391 /* ChatMessage.swift in Sources */ = {isa = PBXBuildFile; fileRef = 49CC31D0236C281000322391 /* ChatMessage.swift */; };
		B183D9F8994CCBDEE9C089EC /* Pods_nickOS_AgasTests.framework in Frameworks */ = {isa = PBXBuildFile; fileRef = 01E904FE4A8EF5EBA7719489 /* Pods_nickOS_AgasTests.framework */; };
		B6F2B7FC06BE67E8EEAD14F2 /* Pods_nickOS_Agas.framework in Frameworks */ = {isa = PBXBuildFile; fileRef = 5EE73D4CA0DCAFC2EDA1392B /* Pods_nickOS_Agas.framework */; };
/* End PBXBuildFile section */

/* Begin PBXContainerItemProxy section */
		49BD75932359E95B001F458E /* PBXContainerItemProxy */ = {
			isa = PBXContainerItemProxy;
			containerPortal = 49BD75722359E95A001F458E /* Project object */;
			proxyType = 1;
			remoteGlobalIDString = 49BD75792359E95A001F458E;
			remoteInfo = "nickOS Agas";
		};
		49BD759E2359E95B001F458E /* PBXContainerItemProxy */ = {
			isa = PBXContainerItemProxy;
			containerPortal = 49BD75722359E95A001F458E /* Project object */;
			proxyType = 1;
			remoteGlobalIDString = 49BD75792359E95A001F458E;
			remoteInfo = "nickOS Agas";
		};
/* End PBXContainerItemProxy section */

/* Begin PBXFileReference section */
		01E904FE4A8EF5EBA7719489 /* Pods_nickOS_AgasTests.framework */ = {isa = PBXFileReference; explicitFileType = wrapper.framework; includeInIndex = 0; path = Pods_nickOS_AgasTests.framework; sourceTree = BUILT_PRODUCTS_DIR; };
		267FBDC0D359D64C00E5A13F /* Pods_nickOS_Agas_nickOS_AgasUITests.framework */ = {isa = PBXFileReference; explicitFileType = wrapper.framework; includeInIndex = 0; path = Pods_nickOS_Agas_nickOS_AgasUITests.framework; sourceTree = BUILT_PRODUCTS_DIR; };
		269A09CA55D244C6D0432672 /* Pods-nickOS AgasTests.release.xcconfig */ = {isa = PBXFileReference; includeInIndex = 1; lastKnownFileType = text.xcconfig; name = "Pods-nickOS AgasTests.release.xcconfig"; path = "Target Support Files/Pods-nickOS AgasTests/Pods-nickOS AgasTests.release.xcconfig"; sourceTree = "<group>"; };
		30339FDFCB99ED2F676783D4 /* Pods-nickOS Agas.release.xcconfig */ = {isa = PBXFileReference; includeInIndex = 1; lastKnownFileType = text.xcconfig; name = "Pods-nickOS Agas.release.xcconfig"; path = "Target Support Files/Pods-nickOS Agas/Pods-nickOS Agas.release.xcconfig"; sourceTree = "<group>"; };
		497A2DA42359F78D00077AC8 /* Page.swift */ = {isa = PBXFileReference; lastKnownFileType = sourcecode.swift; path = Page.swift; sourceTree = "<group>"; };
		497A2DA72359F80A00077AC8 /* PostElement.swift */ = {isa = PBXFileReference; lastKnownFileType = sourcecode.swift; path = PostElement.swift; sourceTree = "<group>"; };
		497A2DAA2359F88B00077AC8 /* Categories.swift */ = {isa = PBXFileReference; lastKnownFileType = sourcecode.swift; path = Categories.swift; sourceTree = "<group>"; };
		497A2DAC235A178B00077AC8 /* HomeViewModel.swift */ = {isa = PBXFileReference; lastKnownFileType = sourcecode.swift; path = HomeViewModel.swift; sourceTree = "<group>"; };
		497A2DAF235B3D8E00077AC8 /* Constants.swift */ = {isa = PBXFileReference; lastKnownFileType = sourcecode.swift; path = Constants.swift; sourceTree = "<group>"; };
		497A2DB1235B3E9E00077AC8 /* WordpressApi.swift */ = {isa = PBXFileReference; lastKnownFileType = sourcecode.swift; path = WordpressApi.swift; sourceTree = "<group>"; };
		497A2DB6235B4B6700077AC8 /* WebViewController.swift */ = {isa = PBXFileReference; lastKnownFileType = sourcecode.swift; path = WebViewController.swift; sourceTree = "<group>"; };
		497A2DBA235C771000077AC8 /* PostsViewModel.swift */ = {isa = PBXFileReference; lastKnownFileType = sourcecode.swift; path = PostsViewModel.swift; sourceTree = "<group>"; };
		497A2DBC235CCCC300077AC8 /* CategoryCollectionViewCell.swift */ = {isa = PBXFileReference; lastKnownFileType = sourcecode.swift; path = CategoryCollectionViewCell.swift; sourceTree = "<group>"; };
		497A2DBE235CFAF400077AC8 /* PostTableViewCell.swift */ = {isa = PBXFileReference; lastKnownFileType = sourcecode.swift; path = PostTableViewCell.swift; sourceTree = "<group>"; };
		49BD757A2359E95A001F458E /* nickOS Agas.app */ = {isa = PBXFileReference; explicitFileType = wrapper.application; includeInIndex = 0; path = "nickOS Agas.app"; sourceTree = BUILT_PRODUCTS_DIR; };
		49BD757D2359E95A001F458E /* AppDelegate.swift */ = {isa = PBXFileReference; lastKnownFileType = sourcecode.swift; path = AppDelegate.swift; sourceTree = "<group>"; };
		49BD757F2359E95A001F458E /* SceneDelegate.swift */ = {isa = PBXFileReference; lastKnownFileType = sourcecode.swift; path = SceneDelegate.swift; sourceTree = "<group>"; };
		49BD75812359E95A001F458E /* HomeViewController.swift */ = {isa = PBXFileReference; lastKnownFileType = sourcecode.swift; path = HomeViewController.swift; sourceTree = "<group>"; };
		49BD75832359E95A001F458E /* PostsViewController.swift */ = {isa = PBXFileReference; lastKnownFileType = sourcecode.swift; path = PostsViewController.swift; sourceTree = "<group>"; };
		49BD75862359E95A001F458E /* Base */ = {isa = PBXFileReference; lastKnownFileType = file.storyboard; name = Base; path = Base.lproj/Main.storyboard; sourceTree = "<group>"; };
		49BD75882359E95B001F458E /* Assets.xcassets */ = {isa = PBXFileReference; lastKnownFileType = folder.assetcatalog; path = Assets.xcassets; sourceTree = "<group>"; };
		49BD758B2359E95B001F458E /* Base */ = {isa = PBXFileReference; lastKnownFileType = file.storyboard; name = Base; path = Base.lproj/LaunchScreen.storyboard; sourceTree = "<group>"; };
		49BD758D2359E95B001F458E /* Info.plist */ = {isa = PBXFileReference; lastKnownFileType = text.plist.xml; path = Info.plist; sourceTree = "<group>"; };
		49BD75922359E95B001F458E /* nickOS AgasTests.xctest */ = {isa = PBXFileReference; explicitFileType = wrapper.cfbundle; includeInIndex = 0; path = "nickOS AgasTests.xctest"; sourceTree = BUILT_PRODUCTS_DIR; };
		49BD75962359E95B001F458E /* nickOS_AgasTests.swift */ = {isa = PBXFileReference; lastKnownFileType = sourcecode.swift; path = nickOS_AgasTests.swift; sourceTree = "<group>"; };
		49BD75982359E95B001F458E /* Info.plist */ = {isa = PBXFileReference; lastKnownFileType = text.plist.xml; path = Info.plist; sourceTree = "<group>"; };
		49BD759D2359E95B001F458E /* nickOS AgasUITests.xctest */ = {isa = PBXFileReference; explicitFileType = wrapper.cfbundle; includeInIndex = 0; path = "nickOS AgasUITests.xctest"; sourceTree = BUILT_PRODUCTS_DIR; };
		49BD75A12359E95B001F458E /* nickOS_AgasUITests.swift */ = {isa = PBXFileReference; lastKnownFileType = sourcecode.swift; path = nickOS_AgasUITests.swift; sourceTree = "<group>"; };
		49BD75A32359E95B001F458E /* Info.plist */ = {isa = PBXFileReference; lastKnownFileType = text.plist.xml; path = Info.plist; sourceTree = "<group>"; };
		49CC31CE236C22B700322391 /* ChatViewController.swift */ = {isa = PBXFileReference; lastKnownFileType = sourcecode.swift; path = ChatViewController.swift; sourceTree = "<group>"; };
		49CC31D0236C281000322391 /* ChatMessage.swift */ = {isa = PBXFileReference; lastKnownFileType = sourcecode.swift; path = ChatMessage.swift; sourceTree = "<group>"; };
		49FD2A59EC22DC8489FCEEE9 /* Pods-nickOS Agas-nickOS AgasUITests.debug.xcconfig */ = {isa = PBXFileReference; includeInIndex = 1; lastKnownFileType = text.xcconfig; name = "Pods-nickOS Agas-nickOS AgasUITests.debug.xcconfig"; path = "Target Support Files/Pods-nickOS Agas-nickOS AgasUITests/Pods-nickOS Agas-nickOS AgasUITests.debug.xcconfig"; sourceTree = "<group>"; };
		5EE73D4CA0DCAFC2EDA1392B /* Pods_nickOS_Agas.framework */ = {isa = PBXFileReference; explicitFileType = wrapper.framework; includeInIndex = 0; path = Pods_nickOS_Agas.framework; sourceTree = BUILT_PRODUCTS_DIR; };
		70694AB7899610DA19F612CB /* Pods-nickOS Agas.debug.xcconfig */ = {isa = PBXFileReference; includeInIndex = 1; lastKnownFileType = text.xcconfig; name = "Pods-nickOS Agas.debug.xcconfig"; path = "Target Support Files/Pods-nickOS Agas/Pods-nickOS Agas.debug.xcconfig"; sourceTree = "<group>"; };
		C7837A1FB277494B847EE9B3 /* Pods-nickOS Agas-nickOS AgasUITests.release.xcconfig */ = {isa = PBXFileReference; includeInIndex = 1; lastKnownFileType = text.xcconfig; name = "Pods-nickOS Agas-nickOS AgasUITests.release.xcconfig"; path = "Target Support Files/Pods-nickOS Agas-nickOS AgasUITests/Pods-nickOS Agas-nickOS AgasUITests.release.xcconfig"; sourceTree = "<group>"; };
		D022C654AC199197ACF301DE /* Pods-nickOS AgasTests.debug.xcconfig */ = {isa = PBXFileReference; includeInIndex = 1; lastKnownFileType = text.xcconfig; name = "Pods-nickOS AgasTests.debug.xcconfig"; path = "Target Support Files/Pods-nickOS AgasTests/Pods-nickOS AgasTests.debug.xcconfig"; sourceTree = "<group>"; };
/* End PBXFileReference section */

/* Begin PBXFrameworksBuildPhase section */
		49BD75772359E95A001F458E /* Frameworks */ = {
			isa = PBXFrameworksBuildPhase;
			buildActionMask = 2147483647;
			files = (
				B6F2B7FC06BE67E8EEAD14F2 /* Pods_nickOS_Agas.framework in Frameworks */,
			);
			runOnlyForDeploymentPostprocessing = 0;
		};
		49BD758F2359E95B001F458E /* Frameworks */ = {
			isa = PBXFrameworksBuildPhase;
			buildActionMask = 2147483647;
			files = (
				B183D9F8994CCBDEE9C089EC /* Pods_nickOS_AgasTests.framework in Frameworks */,
			);
			runOnlyForDeploymentPostprocessing = 0;
		};
		49BD759A2359E95B001F458E /* Frameworks */ = {
			isa = PBXFrameworksBuildPhase;
			buildActionMask = 2147483647;
			files = (
				12BE49EB688583736AE42E49 /* Pods_nickOS_Agas_nickOS_AgasUITests.framework in Frameworks */,
			);
			runOnlyForDeploymentPostprocessing = 0;
		};
/* End PBXFrameworksBuildPhase section */

/* Begin PBXGroup section */
		497A2DAE235B3D5800077AC8 /* resources */ = {
			isa = PBXGroup;
			children = (
				49BD75882359E95B001F458E /* Assets.xcassets */,
				497A2DAF235B3D8E00077AC8 /* Constants.swift */,
			);
			path = resources;
			sourceTree = "<group>";
		};
		49BD75712359E959001F458E = {
			isa = PBXGroup;
			children = (
				49BD757C2359E95A001F458E /* nickOS Agas */,
				49BD75952359E95B001F458E /* nickOS AgasTests */,
				49BD75A02359E95B001F458E /* nickOS AgasUITests */,
				49BD757B2359E95A001F458E /* Products */,
				9D85C907FCD254A28048968C /* Pods */,
				64631248B76AB5EDEF993D21 /* Frameworks */,
			);
			sourceTree = "<group>";
		};
		49BD757B2359E95A001F458E /* Products */ = {
			isa = PBXGroup;
			children = (
				49BD757A2359E95A001F458E /* nickOS Agas.app */,
				49BD75922359E95B001F458E /* nickOS AgasTests.xctest */,
				49BD759D2359E95B001F458E /* nickOS AgasUITests.xctest */,
			);
			name = Products;
			sourceTree = "<group>";
		};
		49BD757C2359E95A001F458E /* nickOS Agas */ = {
			isa = PBXGroup;
			children = (
				49BD75B22359EAB5001F458E /* adapter */,
				49BD75B12359EA9E001F458E /* models */,
				49BD75B02359EA90001F458E /* service */,
				49BD75AF2359EA7E001F458E /* ui */,
				49BD75B32359EAC9001F458E /* utils */,
				49BD757D2359E95A001F458E /* AppDelegate.swift */,
				497A2DAE235B3D5800077AC8 /* resources */,
				49BD758A2359E95B001F458E /* LaunchScreen.storyboard */,
				49BD758D2359E95B001F458E /* Info.plist */,
			);
			path = "nickOS Agas";
			sourceTree = "<group>";
		};
		49BD75952359E95B001F458E /* nickOS AgasTests */ = {
			isa = PBXGroup;
			children = (
				49BD75962359E95B001F458E /* nickOS_AgasTests.swift */,
				49BD75982359E95B001F458E /* Info.plist */,
			);
			path = "nickOS AgasTests";
			sourceTree = "<group>";
		};
		49BD75A02359E95B001F458E /* nickOS AgasUITests */ = {
			isa = PBXGroup;
			children = (
				49BD75A12359E95B001F458E /* nickOS_AgasUITests.swift */,
				49BD75A32359E95B001F458E /* Info.plist */,
			);
			path = "nickOS AgasUITests";
			sourceTree = "<group>";
		};
		49BD75AF2359EA7E001F458E /* ui */ = {
			isa = PBXGroup;
			children = (
				49CC31CD236C228800322391 /* Chat */,
				49BD757F2359E95A001F458E /* SceneDelegate.swift */,
				49BD75852359E95A001F458E /* Main.storyboard */,
				49BD75B52359EB21001F458E /* posts */,
				49BD75B42359EB1B001F458E /* home */,
			);
			path = ui;
			sourceTree = "<group>";
		};
		49BD75B02359EA90001F458E /* service */ = {
			isa = PBXGroup;
			children = (
				497A2DB1235B3E9E00077AC8 /* WordpressApi.swift */,
			);
			path = service;
			sourceTree = "<group>";
		};
		49BD75B12359EA9E001F458E /* models */ = {
			isa = PBXGroup;
			children = (
				497A2DAA2359F88B00077AC8 /* Categories.swift */,
				497A2DA72359F80A00077AC8 /* PostElement.swift */,
				497A2DA42359F78D00077AC8 /* Page.swift */,
				49CC31D0236C281000322391 /* ChatMessage.swift */,
			);
			path = models;
			sourceTree = "<group>";
		};
		49BD75B22359EAB5001F458E /* adapter */ = {
			isa = PBXGroup;
			children = (
			);
			path = adapter;
			sourceTree = "<group>";
		};
		49BD75B32359EAC9001F458E /* utils */ = {
			isa = PBXGroup;
			children = (
			);
			path = utils;
			sourceTree = "<group>";
		};
		49BD75B42359EB1B001F458E /* home */ = {
			isa = PBXGroup;
			children = (
				49BD75812359E95A001F458E /* HomeViewController.swift */,
				497A2DAC235A178B00077AC8 /* HomeViewModel.swift */,
				497A2DB6235B4B6700077AC8 /* WebViewController.swift */,
			);
			path = home;
			sourceTree = "<group>";
		};
		49BD75B52359EB21001F458E /* posts */ = {
			isa = PBXGroup;
			children = (
				49BD75832359E95A001F458E /* PostsViewController.swift */,
				497A2DBA235C771000077AC8 /* PostsViewModel.swift */,
				497A2DBC235CCCC300077AC8 /* CategoryCollectionViewCell.swift */,
				497A2DBE235CFAF400077AC8 /* PostTableViewCell.swift */,
			);
			path = posts;
			sourceTree = "<group>";
		};
		49CC31CD236C228800322391 /* Chat */ = {
			isa = PBXGroup;
			children = (
				49CC31CE236C22B700322391 /* ChatViewController.swift */,
			);
			path = Chat;
			sourceTree = "<group>";
		};
		64631248B76AB5EDEF993D21 /* Frameworks */ = {
			isa = PBXGroup;
			children = (
				5EE73D4CA0DCAFC2EDA1392B /* Pods_nickOS_Agas.framework */,
				267FBDC0D359D64C00E5A13F /* Pods_nickOS_Agas_nickOS_AgasUITests.framework */,
				01E904FE4A8EF5EBA7719489 /* Pods_nickOS_AgasTests.framework */,
			);
			name = Frameworks;
			sourceTree = "<group>";
		};
		9D85C907FCD254A28048968C /* Pods */ = {
			isa = PBXGroup;
			children = (
				70694AB7899610DA19F612CB /* Pods-nickOS Agas.debug.xcconfig */,
				30339FDFCB99ED2F676783D4 /* Pods-nickOS Agas.release.xcconfig */,
				49FD2A59EC22DC8489FCEEE9 /* Pods-nickOS Agas-nickOS AgasUITests.debug.xcconfig */,
				C7837A1FB277494B847EE9B3 /* Pods-nickOS Agas-nickOS AgasUITests.release.xcconfig */,
				D022C654AC199197ACF301DE /* Pods-nickOS AgasTests.debug.xcconfig */,
				269A09CA55D244C6D0432672 /* Pods-nickOS AgasTests.release.xcconfig */,
			);
			path = Pods;
			sourceTree = "<group>";
		};
/* End PBXGroup section */

/* Begin PBXNativeTarget section */
		49BD75792359E95A001F458E /* nickOS Agas */ = {
			isa = PBXNativeTarget;
			buildConfigurationList = 49BD75A62359E95B001F458E /* Build configuration list for PBXNativeTarget "nickOS Agas" */;
			buildPhases = (
				B8B6F4126BB33A1E2F01ED44 /* [CP] Check Pods Manifest.lock */,
				49BD75762359E95A001F458E /* Sources */,
				49BD75772359E95A001F458E /* Frameworks */,
				49BD75782359E95A001F458E /* Resources */,
				14F1C884E98DEF224ADDC3D3 /* [CP] Embed Pods Frameworks */,
			);
			buildRules = (
			);
			dependencies = (
			);
			name = "nickOS Agas";
			productName = "nickOS Agas";
			productReference = 49BD757A2359E95A001F458E /* nickOS Agas.app */;
			productType = "com.apple.product-type.application";
		};
		49BD75912359E95B001F458E /* nickOS AgasTests */ = {
			isa = PBXNativeTarget;
			buildConfigurationList = 49BD75A92359E95B001F458E /* Build configuration list for PBXNativeTarget "nickOS AgasTests" */;
			buildPhases = (
				1B3E963D35DBEA2F6AF411D8 /* [CP] Check Pods Manifest.lock */,
				49BD758E2359E95B001F458E /* Sources */,
				49BD758F2359E95B001F458E /* Frameworks */,
				49BD75902359E95B001F458E /* Resources */,
			);
			buildRules = (
			);
			dependencies = (
				49BD75942359E95B001F458E /* PBXTargetDependency */,
			);
			name = "nickOS AgasTests";
			productName = "nickOS AgasTests";
			productReference = 49BD75922359E95B001F458E /* nickOS AgasTests.xctest */;
			productType = "com.apple.product-type.bundle.unit-test";
		};
		49BD759C2359E95B001F458E /* nickOS AgasUITests */ = {
			isa = PBXNativeTarget;
			buildConfigurationList = 49BD75AC2359E95B001F458E /* Build configuration list for PBXNativeTarget "nickOS AgasUITests" */;
			buildPhases = (
				45A2796F4D47EA6D83F94A5F /* [CP] Check Pods Manifest.lock */,
				49BD75992359E95B001F458E /* Sources */,
				49BD759A2359E95B001F458E /* Frameworks */,
				49BD759B2359E95B001F458E /* Resources */,
				0F1E9BA8D62D2A9CC22F81BA /* [CP] Embed Pods Frameworks */,
			);
			buildRules = (
			);
			dependencies = (
				49BD759F2359E95B001F458E /* PBXTargetDependency */,
			);
			name = "nickOS AgasUITests";
			productName = "nickOS AgasUITests";
			productReference = 49BD759D2359E95B001F458E /* nickOS AgasUITests.xctest */;
			productType = "com.apple.product-type.bundle.ui-testing";
		};
/* End PBXNativeTarget section */

/* Begin PBXProject section */
		49BD75722359E95A001F458E /* Project object */ = {
			isa = PBXProject;
			attributes = {
				LastSwiftUpdateCheck = 1100;
				LastUpgradeCheck = 1100;
				ORGANIZATIONNAME = "Nikolaos Agas";
				TargetAttributes = {
					49BD75792359E95A001F458E = {
						CreatedOnToolsVersion = 11.0;
					};
					49BD75912359E95B001F458E = {
						CreatedOnToolsVersion = 11.0;
						TestTargetID = 49BD75792359E95A001F458E;
					};
					49BD759C2359E95B001F458E = {
						CreatedOnToolsVersion = 11.0;
						TestTargetID = 49BD75792359E95A001F458E;
					};
				};
			};
			buildConfigurationList = 49BD75752359E95A001F458E /* Build configuration list for PBXProject "nickOS Agas" */;
			compatibilityVersion = "Xcode 9.3";
			developmentRegion = en;
			hasScannedForEncodings = 0;
			knownRegions = (
				en,
				Base,
			);
			mainGroup = 49BD75712359E959001F458E;
			productRefGroup = 49BD757B2359E95A001F458E /* Products */;
			projectDirPath = "";
			projectRoot = "";
			targets = (
				49BD75792359E95A001F458E /* nickOS Agas */,
				49BD75912359E95B001F458E /* nickOS AgasTests */,
				49BD759C2359E95B001F458E /* nickOS AgasUITests */,
			);
		};
/* End PBXProject section */

/* Begin PBXResourcesBuildPhase section */
		49BD75782359E95A001F458E /* Resources */ = {
			isa = PBXResourcesBuildPhase;
			buildActionMask = 2147483647;
			files = (
				49BD758C2359E95B001F458E /* LaunchScreen.storyboard in Resources */,
				49BD75892359E95B001F458E /* Assets.xcassets in Resources */,
				49BD75872359E95A001F458E /* Main.storyboard in Resources */,
			);
			runOnlyForDeploymentPostprocessing = 0;
		};
		49BD75902359E95B001F458E /* Resources */ = {
			isa = PBXResourcesBuildPhase;
			buildActionMask = 2147483647;
			files = (
			);
			runOnlyForDeploymentPostprocessing = 0;
		};
		49BD759B2359E95B001F458E /* Resources */ = {
			isa = PBXResourcesBuildPhase;
			buildActionMask = 2147483647;
			files = (
			);
			runOnlyForDeploymentPostprocessing = 0;
		};
/* End PBXResourcesBuildPhase section */

/* Begin PBXShellScriptBuildPhase section */
		0F1E9BA8D62D2A9CC22F81BA /* [CP] Embed Pods Frameworks */ = {
			isa = PBXShellScriptBuildPhase;
			buildActionMask = 2147483647;
			files = (
			);
			inputFileListPaths = (
				"${PODS_ROOT}/Target Support Files/Pods-nickOS Agas-nickOS AgasUITests/Pods-nickOS Agas-nickOS AgasUITests-frameworks-${CONFIGURATION}-input-files.xcfilelist",
			);
			name = "[CP] Embed Pods Frameworks";
			outputFileListPaths = (
				"${PODS_ROOT}/Target Support Files/Pods-nickOS Agas-nickOS AgasUITests/Pods-nickOS Agas-nickOS AgasUITests-frameworks-${CONFIGURATION}-output-files.xcfilelist",
			);
			runOnlyForDeploymentPostprocessing = 0;
			shellPath = /bin/sh;
			shellScript = "\"${PODS_ROOT}/Target Support Files/Pods-nickOS Agas-nickOS AgasUITests/Pods-nickOS Agas-nickOS AgasUITests-frameworks.sh\"\n";
			showEnvVarsInLog = 0;
		};
		14F1C884E98DEF224ADDC3D3 /* [CP] Embed Pods Frameworks */ = {
			isa = PBXShellScriptBuildPhase;
			buildActionMask = 2147483647;
			files = (
			);
			inputFileListPaths = (
				"${PODS_ROOT}/Target Support Files/Pods-nickOS Agas/Pods-nickOS Agas-frameworks-${CONFIGURATION}-input-files.xcfilelist",
			);
			name = "[CP] Embed Pods Frameworks";
			outputFileListPaths = (
				"${PODS_ROOT}/Target Support Files/Pods-nickOS Agas/Pods-nickOS Agas-frameworks-${CONFIGURATION}-output-files.xcfilelist",
			);
			runOnlyForDeploymentPostprocessing = 0;
			shellPath = /bin/sh;
			shellScript = "\"${PODS_ROOT}/Target Support Files/Pods-nickOS Agas/Pods-nickOS Agas-frameworks.sh\"\n";
			showEnvVarsInLog = 0;
		};
		1B3E963D35DBEA2F6AF411D8 /* [CP] Check Pods Manifest.lock */ = {
			isa = PBXShellScriptBuildPhase;
			buildActionMask = 2147483647;
			files = (
			);
			inputFileListPaths = (
			);
			inputPaths = (
				"${PODS_PODFILE_DIR_PATH}/Podfile.lock",
				"${PODS_ROOT}/Manifest.lock",
			);
			name = "[CP] Check Pods Manifest.lock";
			outputFileListPaths = (
			);
			outputPaths = (
				"$(DERIVED_FILE_DIR)/Pods-nickOS AgasTests-checkManifestLockResult.txt",
			);
			runOnlyForDeploymentPostprocessing = 0;
			shellPath = /bin/sh;
			shellScript = "diff \"${PODS_PODFILE_DIR_PATH}/Podfile.lock\" \"${PODS_ROOT}/Manifest.lock\" > /dev/null\nif [ $? != 0 ] ; then\n    # print error to STDERR\n    echo \"error: The sandbox is not in sync with the Podfile.lock. Run 'pod install' or update your CocoaPods installation.\" >&2\n    exit 1\nfi\n# This output is used by Xcode 'outputs' to avoid re-running this script phase.\necho \"SUCCESS\" > \"${SCRIPT_OUTPUT_FILE_0}\"\n";
			showEnvVarsInLog = 0;
		};
		45A2796F4D47EA6D83F94A5F /* [CP] Check Pods Manifest.lock */ = {
			isa = PBXShellScriptBuildPhase;
			buildActionMask = 2147483647;
			files = (
			);
			inputFileListPaths = (
			);
			inputPaths = (
				"${PODS_PODFILE_DIR_PATH}/Podfile.lock",
				"${PODS_ROOT}/Manifest.lock",
			);
			name = "[CP] Check Pods Manifest.lock";
			outputFileListPaths = (
			);
			outputPaths = (
				"$(DERIVED_FILE_DIR)/Pods-nickOS Agas-nickOS AgasUITests-checkManifestLockResult.txt",
			);
			runOnlyForDeploymentPostprocessing = 0;
			shellPath = /bin/sh;
			shellScript = "diff \"${PODS_PODFILE_DIR_PATH}/Podfile.lock\" \"${PODS_ROOT}/Manifest.lock\" > /dev/null\nif [ $? != 0 ] ; then\n    # print error to STDERR\n    echo \"error: The sandbox is not in sync with the Podfile.lock. Run 'pod install' or update your CocoaPods installation.\" >&2\n    exit 1\nfi\n# This output is used by Xcode 'outputs' to avoid re-running this script phase.\necho \"SUCCESS\" > \"${SCRIPT_OUTPUT_FILE_0}\"\n";
			showEnvVarsInLog = 0;
		};
		B8B6F4126BB33A1E2F01ED44 /* [CP] Check Pods Manifest.lock */ = {
			isa = PBXShellScriptBuildPhase;
			buildActionMask = 2147483647;
			files = (
			);
			inputFileListPaths = (
			);
			inputPaths = (
				"${PODS_PODFILE_DIR_PATH}/Podfile.lock",
				"${PODS_ROOT}/Manifest.lock",
			);
			name = "[CP] Check Pods Manifest.lock";
			outputFileListPaths = (
			);
			outputPaths = (
				"$(DERIVED_FILE_DIR)/Pods-nickOS Agas-checkManifestLockResult.txt",
			);
			runOnlyForDeploymentPostprocessing = 0;
			shellPath = /bin/sh;
			shellScript = "diff \"${PODS_PODFILE_DIR_PATH}/Podfile.lock\" \"${PODS_ROOT}/Manifest.lock\" > /dev/null\nif [ $? != 0 ] ; then\n    # print error to STDERR\n    echo \"error: The sandbox is not in sync with the Podfile.lock. Run 'pod install' or update your CocoaPods installation.\" >&2\n    exit 1\nfi\n# This output is used by Xcode 'outputs' to avoid re-running this script phase.\necho \"SUCCESS\" > \"${SCRIPT_OUTPUT_FILE_0}\"\n";
			showEnvVarsInLog = 0;
		};
/* End PBXShellScriptBuildPhase section */

/* Begin PBXSourcesBuildPhase section */
		49BD75762359E95A001F458E /* Sources */ = {
			isa = PBXSourcesBuildPhase;
			buildActionMask = 2147483647;
			files = (
				49BD75842359E95A001F458E /* PostsViewController.swift in Sources */,
				49CC31D1236C281000322391 /* ChatMessage.swift in Sources */,
				497A2DB8235B4B6700077AC8 /* WebViewController.swift in Sources */,
				497A2DAB2359F88B00077AC8 /* Categories.swift in Sources */,
				49BD75822359E95A001F458E /* HomeViewController.swift in Sources */,
				497A2DAD235A178B00077AC8 /* HomeViewModel.swift in Sources */,
				49BD757E2359E95A001F458E /* AppDelegate.swift in Sources */,
				497A2DBD235CCCC300077AC8 /* CategoryCollectionViewCell.swift in Sources */,
				497A2DBF235CFAF400077AC8 /* PostTableViewCell.swift in Sources */,
				497A2DA82359F80A00077AC8 /* PostElement.swift in Sources */,
				497A2DB2235B3E9E00077AC8 /* WordpressApi.swift in Sources */,
				497A2DBB235C771000077AC8 /* PostsViewModel.swift in Sources */,
				49BD75802359E95A001F458E /* SceneDelegate.swift in Sources */,
				497A2DA52359F78D00077AC8 /* Page.swift in Sources */,
				49CC31CF236C22B700322391 /* ChatViewController.swift in Sources */,
				497A2DB0235B3D8E00077AC8 /* Constants.swift in Sources */,
			);
			runOnlyForDeploymentPostprocessing = 0;
		};
		49BD758E2359E95B001F458E /* Sources */ = {
			isa = PBXSourcesBuildPhase;
			buildActionMask = 2147483647;
			files = (
				49BD75972359E95B001F458E /* nickOS_AgasTests.swift in Sources */,
			);
			runOnlyForDeploymentPostprocessing = 0;
		};
		49BD75992359E95B001F458E /* Sources */ = {
			isa = PBXSourcesBuildPhase;
			buildActionMask = 2147483647;
			files = (
				49BD75A22359E95B001F458E /* nickOS_AgasUITests.swift in Sources */,
			);
			runOnlyForDeploymentPostprocessing = 0;
		};
/* End PBXSourcesBuildPhase section */

/* Begin PBXTargetDependency section */
		49BD75942359E95B001F458E /* PBXTargetDependency */ = {
			isa = PBXTargetDependency;
			target = 49BD75792359E95A001F458E /* nickOS Agas */;
			targetProxy = 49BD75932359E95B001F458E /* PBXContainerItemProxy */;
		};
		49BD759F2359E95B001F458E /* PBXTargetDependency */ = {
			isa = PBXTargetDependency;
			target = 49BD75792359E95A001F458E /* nickOS Agas */;
			targetProxy = 49BD759E2359E95B001F458E /* PBXContainerItemProxy */;
		};
/* End PBXTargetDependency section */

/* Begin PBXVariantGroup section */
		49BD75852359E95A001F458E /* Main.storyboard */ = {
			isa = PBXVariantGroup;
			children = (
				49BD75862359E95A001F458E /* Base */,
			);
			name = Main.storyboard;
			sourceTree = "<group>";
		};
		49BD758A2359E95B001F458E /* LaunchScreen.storyboard */ = {
			isa = PBXVariantGroup;
			children = (
				49BD758B2359E95B001F458E /* Base */,
			);
			name = LaunchScreen.storyboard;
			sourceTree = "<group>";
		};
/* End PBXVariantGroup section */

/* Begin XCBuildConfiguration section */
		49BD75A42359E95B001F458E /* Debug */ = {
			isa = XCBuildConfiguration;
			buildSettings = {
				ALWAYS_SEARCH_USER_PATHS = NO;
				CLANG_ANALYZER_NONNULL = YES;
				CLANG_ANALYZER_NUMBER_OBJECT_CONVERSION = YES_AGGRESSIVE;
				CLANG_CXX_LANGUAGE_STANDARD = "gnu++14";
				CLANG_CXX_LIBRARY = "libc++";
				CLANG_ENABLE_MODULES = YES;
				CLANG_ENABLE_OBJC_ARC = YES;
				CLANG_ENABLE_OBJC_WEAK = YES;
				CLANG_WARN_BLOCK_CAPTURE_AUTORELEASING = YES;
				CLANG_WARN_BOOL_CONVERSION = YES;
				CLANG_WARN_COMMA = YES;
				CLANG_WARN_CONSTANT_CONVERSION = YES;
				CLANG_WARN_DEPRECATED_OBJC_IMPLEMENTATIONS = YES;
				CLANG_WARN_DIRECT_OBJC_ISA_USAGE = YES_ERROR;
				CLANG_WARN_DOCUMENTATION_COMMENTS = YES;
				CLANG_WARN_EMPTY_BODY = YES;
				CLANG_WARN_ENUM_CONVERSION = YES;
				CLANG_WARN_INFINITE_RECURSION = YES;
				CLANG_WARN_INT_CONVERSION = YES;
				CLANG_WARN_NON_LITERAL_NULL_CONVERSION = YES;
				CLANG_WARN_OBJC_IMPLICIT_RETAIN_SELF = YES;
				CLANG_WARN_OBJC_LITERAL_CONVERSION = YES;
				CLANG_WARN_OBJC_ROOT_CLASS = YES_ERROR;
				CLANG_WARN_RANGE_LOOP_ANALYSIS = YES;
				CLANG_WARN_STRICT_PROTOTYPES = YES;
				CLANG_WARN_SUSPICIOUS_MOVE = YES;
				CLANG_WARN_UNGUARDED_AVAILABILITY = YES_AGGRESSIVE;
				CLANG_WARN_UNREACHABLE_CODE = YES;
				CLANG_WARN__DUPLICATE_METHOD_MATCH = YES;
				COPY_PHASE_STRIP = NO;
				DEBUG_INFORMATION_FORMAT = dwarf;
				ENABLE_STRICT_OBJC_MSGSEND = YES;
				ENABLE_TESTABILITY = YES;
				GCC_C_LANGUAGE_STANDARD = gnu11;
				GCC_DYNAMIC_NO_PIC = NO;
				GCC_NO_COMMON_BLOCKS = YES;
				GCC_OPTIMIZATION_LEVEL = 0;
				GCC_PREPROCESSOR_DEFINITIONS = (
					"DEBUG=1",
					"$(inherited)",
				);
				GCC_WARN_64_TO_32_BIT_CONVERSION = YES;
				GCC_WARN_ABOUT_RETURN_TYPE = YES_ERROR;
				GCC_WARN_UNDECLARED_SELECTOR = YES;
				GCC_WARN_UNINITIALIZED_AUTOS = YES_AGGRESSIVE;
				GCC_WARN_UNUSED_FUNCTION = YES;
				GCC_WARN_UNUSED_VARIABLE = YES;
				IPHONEOS_DEPLOYMENT_TARGET = 13.0;
				MTL_ENABLE_DEBUG_INFO = INCLUDE_SOURCE;
				MTL_FAST_MATH = YES;
				ONLY_ACTIVE_ARCH = YES;
				SDKROOT = iphoneos;
				SWIFT_ACTIVE_COMPILATION_CONDITIONS = DEBUG;
				SWIFT_OPTIMIZATION_LEVEL = "-Onone";
			};
			name = Debug;
		};
		49BD75A52359E95B001F458E /* Release */ = {
			isa = XCBuildConfiguration;
			buildSettings = {
				ALWAYS_SEARCH_USER_PATHS = NO;
				CLANG_ANALYZER_NONNULL = YES;
				CLANG_ANALYZER_NUMBER_OBJECT_CONVERSION = YES_AGGRESSIVE;
				CLANG_CXX_LANGUAGE_STANDARD = "gnu++14";
				CLANG_CXX_LIBRARY = "libc++";
				CLANG_ENABLE_MODULES = YES;
				CLANG_ENABLE_OBJC_ARC = YES;
				CLANG_ENABLE_OBJC_WEAK = YES;
				CLANG_WARN_BLOCK_CAPTURE_AUTORELEASING = YES;
				CLANG_WARN_BOOL_CONVERSION = YES;
				CLANG_WARN_COMMA = YES;
				CLANG_WARN_CONSTANT_CONVERSION = YES;
				CLANG_WARN_DEPRECATED_OBJC_IMPLEMENTATIONS = YES;
				CLANG_WARN_DIRECT_OBJC_ISA_USAGE = YES_ERROR;
				CLANG_WARN_DOCUMENTATION_COMMENTS = YES;
				CLANG_WARN_EMPTY_BODY = YES;
				CLANG_WARN_ENUM_CONVERSION = YES;
				CLANG_WARN_INFINITE_RECURSION = YES;
				CLANG_WARN_INT_CONVERSION = YES;
				CLANG_WARN_NON_LITERAL_NULL_CONVERSION = YES;
				CLANG_WARN_OBJC_IMPLICIT_RETAIN_SELF = YES;
				CLANG_WARN_OBJC_LITERAL_CONVERSION = YES;
				CLANG_WARN_OBJC_ROOT_CLASS = YES_ERROR;
				CLANG_WARN_RANGE_LOOP_ANALYSIS = YES;
				CLANG_WARN_STRICT_PROTOTYPES = YES;
				CLANG_WARN_SUSPICIOUS_MOVE = YES;
				CLANG_WARN_UNGUARDED_AVAILABILITY = YES_AGGRESSIVE;
				CLANG_WARN_UNREACHABLE_CODE = YES;
				CLANG_WARN__DUPLICATE_METHOD_MATCH = YES;
				COPY_PHASE_STRIP = NO;
				DEBUG_INFORMATION_FORMAT = "dwarf-with-dsym";
				ENABLE_NS_ASSERTIONS = NO;
				ENABLE_STRICT_OBJC_MSGSEND = YES;
				GCC_C_LANGUAGE_STANDARD = gnu11;
				GCC_NO_COMMON_BLOCKS = YES;
				GCC_WARN_64_TO_32_BIT_CONVERSION = YES;
				GCC_WARN_ABOUT_RETURN_TYPE = YES_ERROR;
				GCC_WARN_UNDECLARED_SELECTOR = YES;
				GCC_WARN_UNINITIALIZED_AUTOS = YES_AGGRESSIVE;
				GCC_WARN_UNUSED_FUNCTION = YES;
				GCC_WARN_UNUSED_VARIABLE = YES;
				IPHONEOS_DEPLOYMENT_TARGET = 13.0;
				MTL_ENABLE_DEBUG_INFO = NO;
				MTL_FAST_MATH = YES;
				SDKROOT = iphoneos;
				SWIFT_COMPILATION_MODE = wholemodule;
				SWIFT_OPTIMIZATION_LEVEL = "-O";
				VALIDATE_PRODUCT = YES;
			};
			name = Release;
		};
		49BD75A72359E95B001F458E /* Debug */ = {
			isa = XCBuildConfiguration;
			baseConfigurationReference = 70694AB7899610DA19F612CB /* Pods-nickOS Agas.debug.xcconfig */;
			buildSettings = {
				ASSETCATALOG_COMPILER_APPICON_NAME = AppIcon;
				CODE_SIGN_STYLE = Automatic;
				INFOPLIST_FILE = "nickOS Agas/Info.plist";
				LD_RUNPATH_SEARCH_PATHS = (
					"$(inherited)",
					"@executable_path/Frameworks",
				);
				PRODUCT_BUNDLE_IDENTIFIER = "com.nickagas.nickOS-Agas";
				PRODUCT_NAME = "$(TARGET_NAME)";
				SWIFT_VERSION = 5.0;
				TARGETED_DEVICE_FAMILY = "1,2";
			};
			name = Debug;
		};
		49BD75A82359E95B001F458E /* Release */ = {
			isa = XCBuildConfiguration;
			baseConfigurationReference = 30339FDFCB99ED2F676783D4 /* Pods-nickOS Agas.release.xcconfig */;
			buildSettings = {
				ASSETCATALOG_COMPILER_APPICON_NAME = AppIcon;
				CODE_SIGN_STYLE = Automatic;
				INFOPLIST_FILE = "nickOS Agas/Info.plist";
				LD_RUNPATH_SEARCH_PATHS = (
					"$(inherited)",
					"@executable_path/Frameworks",
				);
				PRODUCT_BUNDLE_IDENTIFIER = "com.nickagas.nickOS-Agas";
				PRODUCT_NAME = "$(TARGET_NAME)";
				SWIFT_VERSION = 5.0;
				TARGETED_DEVICE_FAMILY = "1,2";
			};
			name = Release;
		};
		49BD75AA2359E95B001F458E /* Debug */ = {
			isa = XCBuildConfiguration;
			baseConfigurationReference = D022C654AC199197ACF301DE /* Pods-nickOS AgasTests.debug.xcconfig */;
			buildSettings = {
				ALWAYS_EMBED_SWIFT_STANDARD_LIBRARIES = YES;
				BUNDLE_LOADER = "$(TEST_HOST)";
				CODE_SIGN_STYLE = Automatic;
				INFOPLIST_FILE = "nickOS AgasTests/Info.plist";
				IPHONEOS_DEPLOYMENT_TARGET = 13.0;
				LD_RUNPATH_SEARCH_PATHS = (
					"$(inherited)",
					"@executable_path/Frameworks",
					"@loader_path/Frameworks",
				);
				PRODUCT_BUNDLE_IDENTIFIER = "com.nickagas.nickOS-AgasTests";
				PRODUCT_NAME = "$(TARGET_NAME)";
				SWIFT_VERSION = 5.0;
				TARGETED_DEVICE_FAMILY = "1,2";
				TEST_HOST = "$(BUILT_PRODUCTS_DIR)/nickOS Agas.app/nickOS Agas";
			};
			name = Debug;
		};
		49BD75AB2359E95B001F458E /* Release */ = {
			isa = XCBuildConfiguration;
			baseConfigurationReference = 269A09CA55D244C6D0432672 /* Pods-nickOS AgasTests.release.xcconfig */;
			buildSettings = {
				ALWAYS_EMBED_SWIFT_STANDARD_LIBRARIES = YES;
				BUNDLE_LOADER = "$(TEST_HOST)";
				CODE_SIGN_STYLE = Automatic;
				INFOPLIST_FILE = "nickOS AgasTests/Info.plist";
				IPHONEOS_DEPLOYMENT_TARGET = 13.0;
				LD_RUNPATH_SEARCH_PATHS = (
					"$(inherited)",
					"@executable_path/Frameworks",
					"@loader_path/Frameworks",
				);
				PRODUCT_BUNDLE_IDENTIFIER = "com.nickagas.nickOS-AgasTests";
				PRODUCT_NAME = "$(TARGET_NAME)";
				SWIFT_VERSION = 5.0;
				TARGETED_DEVICE_FAMILY = "1,2";
				TEST_HOST = "$(BUILT_PRODUCTS_DIR)/nickOS Agas.app/nickOS Agas";
			};
			name = Release;
		};
		49BD75AD2359E95B001F458E /* Debug */ = {
			isa = XCBuildConfiguration;
			baseConfigurationReference = 49FD2A59EC22DC8489FCEEE9 /* Pods-nickOS Agas-nickOS AgasUITests.debug.xcconfig */;
			buildSettings = {
				ALWAYS_EMBED_SWIFT_STANDARD_LIBRARIES = YES;
				CODE_SIGN_STYLE = Automatic;
				INFOPLIST_FILE = "nickOS AgasUITests/Info.plist";
				LD_RUNPATH_SEARCH_PATHS = (
					"$(inherited)",
					"@executable_path/Frameworks",
					"@loader_path/Frameworks",
				);
				PRODUCT_BUNDLE_IDENTIFIER = "com.nickagas.nickOS-AgasUITests";
				PRODUCT_NAME = "$(TARGET_NAME)";
				SWIFT_VERSION = 5.0;
				TARGETED_DEVICE_FAMILY = "1,2";
				TEST_TARGET_NAME = "nickOS Agas";
			};
			name = Debug;
		};
		49BD75AE2359E95B001F458E /* Release */ = {
			isa = XCBuildConfiguration;
			baseConfigurationReference = C7837A1FB277494B847EE9B3 /* Pods-nickOS Agas-nickOS AgasUITests.release.xcconfig */;
			buildSettings = {
				ALWAYS_EMBED_SWIFT_STANDARD_LIBRARIES = YES;
				CODE_SIGN_STYLE = Automatic;
				INFOPLIST_FILE = "nickOS AgasUITests/Info.plist";
				LD_RUNPATH_SEARCH_PATHS = (
					"$(inherited)",
					"@executable_path/Frameworks",
					"@loader_path/Frameworks",
				);
				PRODUCT_BUNDLE_IDENTIFIER = "com.nickagas.nickOS-AgasUITests";
				PRODUCT_NAME = "$(TARGET_NAME)";
				SWIFT_VERSION = 5.0;
				TARGETED_DEVICE_FAMILY = "1,2";
				TEST_TARGET_NAME = "nickOS Agas";
			};
			name = Release;
		};
/* End XCBuildConfiguration section */

/* Begin XCConfigurationList section */
		49BD75752359E95A001F458E /* Build configuration list for PBXProject "nickOS Agas" */ = {
			isa = XCConfigurationList;
			buildConfigurations = (
				49BD75A42359E95B001F458E /* Debug */,
				49BD75A52359E95B001F458E /* Release */,
			);
			defaultConfigurationIsVisible = 0;
			defaultConfigurationName = Release;
		};
		49BD75A62359E95B001F458E /* Build configuration list for PBXNativeTarget "nickOS Agas" */ = {
			isa = XCConfigurationList;
			buildConfigurations = (
				49BD75A72359E95B001F458E /* Debug */,
				49BD75A82359E95B001F458E /* Release */,
			);
			defaultConfigurationIsVisible = 0;
			defaultConfigurationName = Release;
		};
		49BD75A92359E95B001F458E /* Build configuration list for PBXNativeTarget "nickOS AgasTests" */ = {
			isa = XCConfigurationList;
			buildConfigurations = (
				49BD75AA2359E95B001F458E /* Debug */,
				49BD75AB2359E95B001F458E /* Release */,
			);
			defaultConfigurationIsVisible = 0;
			defaultConfigurationName = Release;
		};
		49BD75AC2359E95B001F458E /* Build configuration list for PBXNativeTarget "nickOS AgasUITests" */ = {
			isa = XCConfigurationList;
			buildConfigurations = (
				49BD75AD2359E95B001F458E /* Debug */,
				49BD75AE2359E95B001F458E /* Release */,
			);
			defaultConfigurationIsVisible = 0;
			defaultConfigurationName = Release;
		};
/* End XCConfigurationList section */
	};
	rootObject = 49BD75722359E95A001F458E /* Project object */;
}
